
Microsoft Visual Studio Solution File, Format Version 12.00
# Visual Studio 15
VisualStudioVersion = 15.0.28010.2026
MinimumVisualStudioVersion = 10.0.40219.1
Project("{8BC9CEB8-8B4A-11D0-8D11-00A0C91BC942}") = "PA2", "PA2\PA2.vcxproj", "{FC4A9E22-FE19-4956-8383-A228438FE255}"
EndProject
Global
	GlobalSection(SolutionConfigurationPlatforms) = preSolution
		Debug|x64 = Debug|x64
		Debug|x86 = Debug|x86
		Release|x64 = Release|x64
		Release|x86 = Release|x86
	EndGlobalSection
	GlobalSection(ProjectConfigurationPlatforms) = postSolution
		{FC4A9E22-FE19-4956-8383-A228438FE255}.Debug|x64.ActiveCfg = Debug|x64
		{FC4A9E22-FE19-4956-8383-A228438FE255}.Debug|x64.Build.0 = Debug|x64
		{FC4A9E22-FE19-4956-8383-A228438FE255}.Debug|x86.ActiveCfg = Debug|Win32
		{FC4A9E22-FE19-4956-8383-A228438FE255}.Debug|x86.Build.0 = Debug|Win32
		{FC4A9E22-FE19-4956-8383-A228438FE255}.Release|x64.ActiveCfg = Release|x64
		{FC4A9E22-FE19-4956-8383-A228438FE255}.Release|x64.Build.0 = Release|x64
		{FC4A9E22-FE19-4956-8383-A228438FE255}.Release|x86.ActiveCfg = Release|Win32
		{FC4A9E22-FE19-4956-8383-A228438FE255}.Release|x86.Build.0 = Release|Win32
	EndGlobalSection
	GlobalSection(SolutionProperties) = preSolution
		HideSolutionNode = FALSE
	EndGlobalSection
	GlobalSection(ExtensibilityGlobals) = postSolution
		SolutionGuid = {F904E2E0-7FCE-4881-A3F9-3A15631F52C5}
	EndGlobalSection
EndGlobal
